
Microsoft Visual Studio Solution File, Format Version 12.00
# Visual Studio Version 16
VisualStudioVersion = 16.0.31112.23
MinimumVisualStudioVersion = 10.0.40219.1
Project("{FAE04EC0-301F-11D3-BF4B-00C04F79EFBC}") = "ASEComponent", "ASEComponent\ASEComponent.csproj", "{1FD1AAE0-B4FA-458A-BCD6-6AF1C8BD261C}"
EndProject
Global
	GlobalSection(SolutionConfigurationPlatforms) = preSolution
		Debug|Any CPU = Debug|Any CPU
		Release|Any CPU = Release|Any CPU
	EndGlobalSection
	GlobalSection(ProjectConfigurationPlatforms) = postSolution
		{1FD1AAE0-B4FA-458A-BCD6-6AF1C8BD261C}.Debug|Any CPU.ActiveCfg = Debug|Any CPU
		{1FD1AAE0-B4FA-458A-BCD6-6AF1C8BD261C}.Debug|Any CPU.Build.0 = Debug|Any CPU
		{1FD1AAE0-B4FA-458A-BCD6-6AF1C8BD261C}.Release|Any CPU.ActiveCfg = Release|Any CPU
		{1FD1AAE0-B4FA-458A-BCD6-6AF1C8BD261C}.Release|Any CPU.Build.0 = Release|Any CPU
	EndGlobalSection
	GlobalSection(SolutionProperties) = preSolution
		HideSolutionNode = FALSE
	EndGlobalSection
	GlobalSection(ExtensibilityGlobals) = postSolution
		SolutionGuid = {A905236D-BD26-4F4D-83B9-2800E87B3021}
	EndGlobalSection
EndGlobal
