
Microsoft Visual Studio Solution File, Format Version 12.00
# Visual Studio Version 16
VisualStudioVersion = 16.0.31112.23
MinimumVisualStudioVersion = 10.0.40219.1
Project("{FAE04EC0-301F-11D3-BF4B-00C04F79EFBC}") = "ASEComponent", "ASEComponent\ASEComponent.csproj", "{1FD1AAE0-B4FA-458A-BCD6-6AF1C8BD261C}"
EndProject
Project("{2150E333-8FDC-42A3-9474-1A3956D46DE8}") = "Solution Items", "Solution Items", "{9D1A414B-E741-4EAD-B125-52097EA78909}"
	ProjectSection(SolutionItems) = preProject
		.editorconfig = .editorconfig
	EndProjectSection
EndProject
Project("{FAE04EC0-301F-11D3-BF4B-00C04F79EFBC}") = "TestProject1", "TestProject1\TestProject1.csproj", "{CA00C423-D598-4E13-8EA9-3E44CD043C4F}"
EndProject
Global
	GlobalSection(SolutionConfigurationPlatforms) = preSolution
		Debug|Any CPU = Debug|Any CPU
		Release|Any CPU = Release|Any CPU
	EndGlobalSection
	GlobalSection(ProjectConfigurationPlatforms) = postSolution
		{1FD1AAE0-B4FA-458A-BCD6-6AF1C8BD261C}.Debug|Any CPU.ActiveCfg = Debug|Any CPU
		{1FD1AAE0-B4FA-458A-BCD6-6AF1C8BD261C}.Debug|Any CPU.Build.0 = Debug|Any CPU
		{1FD1AAE0-B4FA-458A-BCD6-6AF1C8BD261C}.Release|Any CPU.ActiveCfg = Release|Any CPU
		{1FD1AAE0-B4FA-458A-BCD6-6AF1C8BD261C}.Release|Any CPU.Build.0 = Release|Any CPU
		{CA00C423-D598-4E13-8EA9-3E44CD043C4F}.Debug|Any CPU.ActiveCfg = Debug|Any CPU
		{CA00C423-D598-4E13-8EA9-3E44CD043C4F}.Debug|Any CPU.Build.0 = Debug|Any CPU
		{CA00C423-D598-4E13-8EA9-3E44CD043C4F}.Release|Any CPU.ActiveCfg = Release|Any CPU
		{CA00C423-D598-4E13-8EA9-3E44CD043C4F}.Release|Any CPU.Build.0 = Release|Any CPU
	EndGlobalSection
	GlobalSection(SolutionProperties) = preSolution
		HideSolutionNode = FALSE
	EndGlobalSection
	GlobalSection(ExtensibilityGlobals) = postSolution
		SolutionGuid = {A905236D-BD26-4F4D-83B9-2800E87B3021}
	EndGlobalSection
EndGlobal
